{
  "nodes": {
    "flakeNimbleLib": {
      "inputs": {
        "nixpkgs": [
          "nixpkgs"
        ]
      },
      "locked": {
        "lastModified": 1662018438,
        "narHash": "sha256-QtNtU6+LX3Wokxf0zlFwKTFOcn6TeDjKQZ+DA9OYtvM=",
        "owner": "riinr",
        "repo": "nim-flakes-lib",
        "rev": "b1fe8340736e3a85d25c709ac3dfd82a55c03cbf",
        "type": "github"
      },
      "original": {
        "owner": "riinr",
        "ref": "master",
        "repo": "nim-flakes-lib",
        "type": "github"
      }
    },
    "globby-0_1_0": {
      "inputs": {
        "flakeNimbleLib": [
          "flakeNimbleLib"
        ],
        "nixpkgs": [
          "nixpkgs"
        ],
        "src-globby-0_1_0": "src-globby-0_1_0"
      },
      "locked": {
        "dir": "0_1_0",
        "lastModified": 1667322325,
        "narHash": "sha256-xqZSmljhzeV2uVPvd5mh/sTlNg6wVSQKIwy/SCfbKlE=",
        "owner": "nim-nix-pkgs",
        "repo": "globby",
        "rev": "02f8c96c37178b9672eafe3faabaeb683148fd86",
        "type": "github"
      },
      "original": {
        "dir": "0_1_0",
        "owner": "nim-nix-pkgs",
        "ref": "master",
        "repo": "globby",
        "type": "github"
      }
    },
    "globby-master": {
      "inputs": {
        "flakeNimbleLib": [
          "flakeNimbleLib"
        ],
        "nixpkgs": [
          "nixpkgs"
        ],
        "src-globby-master": "src-globby-master"
      },
      "locked": {
        "dir": "master",
        "lastModified": 1667322325,
        "narHash": "sha256-xqZSmljhzeV2uVPvd5mh/sTlNg6wVSQKIwy/SCfbKlE=",
        "owner": "nim-nix-pkgs",
        "repo": "globby",
        "rev": "02f8c96c37178b9672eafe3faabaeb683148fd86",
        "type": "github"
      },
      "original": {
        "dir": "master",
        "owner": "nim-nix-pkgs",
        "ref": "master",
        "repo": "globby",
        "type": "github"
      }
    },
    "nixpkgs": {
      "locked": {
        "lastModified": 1667199707,
        "narHash": "sha256-I2Js3Y7gUyVSEXPULHlBoRek4Lh85vnevdS6mdvDNLI=",
        "owner": "NixOS",
        "repo": "nixpkgs",
        "rev": "ced197be72099edcfa68ebed8b87af7b04851f45",
        "type": "github"
      },
      "original": {
        "id": "nixpkgs",
        "type": "indirect"
      }
    },
    "root": {
      "inputs": {
        "flakeNimbleLib": "flakeNimbleLib",
        "globby-0_1_0": "globby-0_1_0",
        "globby-master": "globby-master",
        "nixpkgs": "nixpkgs"
      }
    },
    "src-globby-0_1_0": {
      "flake": false,
      "locked": {
        "lastModified": 1626243502,
        "narHash": "sha256-auwL8n90YKMtpaoc/Xk7XTgXGUB1eY3690frYxw/7gQ=",
        "owner": "treeform",
        "repo": "globby",
        "rev": "f4bd5e1873251c73683c438bb0092809bc6798ec",
        "type": "github"
      },
      "original": {
        "owner": "treeform",
        "ref": "refs/tags/0.1.0",
        "repo": "globby",
        "type": "github"
      }
    },
    "src-globby-master": {
      "flake": false,
      "locked": {
        "lastModified": 1658704066,
        "narHash": "sha256-IUPL8AeGJ8Hh1gXIPDk5U43BeARJ6KOjX09NKPhr4gs=",
        "owner": "treeform",
        "repo": "globby",
        "rev": "ede865380aab166a2f7b136cabc1d9ead1857a03",
        "type": "github"
      },
      "original": {
        "owner": "treeform",
        "ref": "refs/heads/master",
        "repo": "globby",
        "type": "github"
      }
    }
  },
  "root": "root",
  "version": 7
}
